
Microsoft Visual Studio Solution File, Format Version 10.00
# Visual Studio 2008
Project("{FAE04EC0-301F-11D3-BF4B-00C04F79EFBC}") = "Barcode._2D", "_2D\Barcode._2D.csproj", "{81259DE3-129D-4858-B6DC-018EB886E82C}"
EndProject
Project("{FAE04EC0-301F-11D3-BF4B-00C04F79EFBC}") = "Barcode._1D", "_1D\Barcode._1D.csproj", "{F8646414-0C9C-49BB-9DA3-3923BF78A398}"
EndProject
Project("{FAE04EC0-301F-11D3-BF4B-00C04F79EFBC}") = "_1DTest", "_1DTest\_1DTest.csproj", "{8DB57BA1-E88C-43D9-AD0E-04BFA6B11C61}"
EndProject
Global
	GlobalSection(SolutionConfigurationPlatforms) = preSolution
		Debug|Any CPU = Debug|Any CPU
		Debug|x86 = Debug|x86
		Release|Any CPU = Release|Any CPU
		Release|x86 = Release|x86
	EndGlobalSection
	GlobalSection(ProjectConfigurationPlatforms) = postSolution
		{81259DE3-129D-4858-B6DC-018EB886E82C}.Debug|Any CPU.ActiveCfg = Release|Any CPU
		{81259DE3-129D-4858-B6DC-018EB886E82C}.Debug|Any CPU.Build.0 = Release|Any CPU
		{81259DE3-129D-4858-B6DC-018EB886E82C}.Debug|x86.ActiveCfg = Debug|Any CPU
		{81259DE3-129D-4858-B6DC-018EB886E82C}.Release|Any CPU.ActiveCfg = Release|Any CPU
		{81259DE3-129D-4858-B6DC-018EB886E82C}.Release|Any CPU.Build.0 = Release|Any CPU
		{81259DE3-129D-4858-B6DC-018EB886E82C}.Release|x86.ActiveCfg = Release|Any CPU
		{F8646414-0C9C-49BB-9DA3-3923BF78A398}.Debug|Any CPU.ActiveCfg = Release|Any CPU
		{F8646414-0C9C-49BB-9DA3-3923BF78A398}.Debug|Any CPU.Build.0 = Release|Any CPU
		{F8646414-0C9C-49BB-9DA3-3923BF78A398}.Debug|x86.ActiveCfg = Debug|x86
		{F8646414-0C9C-49BB-9DA3-3923BF78A398}.Debug|x86.Build.0 = Debug|x86
		{F8646414-0C9C-49BB-9DA3-3923BF78A398}.Release|Any CPU.ActiveCfg = Release|Any CPU
		{F8646414-0C9C-49BB-9DA3-3923BF78A398}.Release|Any CPU.Build.0 = Release|Any CPU
		{F8646414-0C9C-49BB-9DA3-3923BF78A398}.Release|x86.ActiveCfg = Release|x86
		{F8646414-0C9C-49BB-9DA3-3923BF78A398}.Release|x86.Build.0 = Release|x86
		{8DB57BA1-E88C-43D9-AD0E-04BFA6B11C61}.Debug|Any CPU.ActiveCfg = Debug|Any CPU
		{8DB57BA1-E88C-43D9-AD0E-04BFA6B11C61}.Debug|Any CPU.Build.0 = Debug|Any CPU
		{8DB57BA1-E88C-43D9-AD0E-04BFA6B11C61}.Debug|x86.ActiveCfg = Debug|Any CPU
		{8DB57BA1-E88C-43D9-AD0E-04BFA6B11C61}.Release|Any CPU.ActiveCfg = Release|Any CPU
		{8DB57BA1-E88C-43D9-AD0E-04BFA6B11C61}.Release|Any CPU.Build.0 = Release|Any CPU
		{8DB57BA1-E88C-43D9-AD0E-04BFA6B11C61}.Release|x86.ActiveCfg = Release|Any CPU
	EndGlobalSection
	GlobalSection(SolutionProperties) = preSolution
		HideSolutionNode = FALSE
	EndGlobalSection
EndGlobal
